// !$*UTF8*$!
{
	archiveVersion = 1;
	classes = {
	};
	objectVersion = 50;
	objects = {

/* Begin PBXBuildFile section */
		110F648326536ADC00D7FBA0 /* NewsListViewController.swift in Sources */ = {isa = PBXBuildFile; fileRef = 110F648126536ADC00D7FBA0 /* NewsListViewController.swift */; };
		110F648426536ADC00D7FBA0 /* NewsListViewController.xib in Resources */ = {isa = PBXBuildFile; fileRef = 110F648226536ADC00D7FBA0 /* NewsListViewController.xib */; };
		110F648D26536E5100D7FBA0 /* ListNewsTableViewCell.swift in Sources */ = {isa = PBXBuildFile; fileRef = 110F648B26536E5100D7FBA0 /* ListNewsTableViewCell.swift */; };
		110F648E26536E5100D7FBA0 /* ListNewsTableViewCell.xib in Resources */ = {isa = PBXBuildFile; fileRef = 110F648C26536E5100D7FBA0 /* ListNewsTableViewCell.xib */; };
		11FC0AFD264E12E300FF6E78 /* AppDelegate.swift in Sources */ = {isa = PBXBuildFile; fileRef = 11FC0AFC264E12E300FF6E78 /* AppDelegate.swift */; };
		11FC0B01264E12E300FF6E78 /* ViewController.swift in Sources */ = {isa = PBXBuildFile; fileRef = 11FC0B00264E12E300FF6E78 /* ViewController.swift */; };
		11FC0B04264E12E300FF6E78 /* Main.storyboard in Resources */ = {isa = PBXBuildFile; fileRef = 11FC0B02264E12E300FF6E78 /* Main.storyboard */; };
		11FC0B06264E12E600FF6E78 /* Assets.xcassets in Resources */ = {isa = PBXBuildFile; fileRef = 11FC0B05264E12E600FF6E78 /* Assets.xcassets */; };
		11FC0B09264E12E600FF6E78 /* LaunchScreen.storyboard in Resources */ = {isa = PBXBuildFile; fileRef = 11FC0B07264E12E600FF6E78 /* LaunchScreen.storyboard */; };
		11FC0B14264E12E600FF6E78 /* InventoryTestTests.swift in Sources */ = {isa = PBXBuildFile; fileRef = 11FC0B13264E12E600FF6E78 /* InventoryTestTests.swift */; };
		11FC0B1F264E12E600FF6E78 /* InventoryTestUITests.swift in Sources */ = {isa = PBXBuildFile; fileRef = 11FC0B1E264E12E600FF6E78 /* InventoryTestUITests.swift */; };
		11FC0B32264E427100FF6E78 /* LoginViewController.swift in Sources */ = {isa = PBXBuildFile; fileRef = 11FC0B30264E427100FF6E78 /* LoginViewController.swift */; };
		11FC0B33264E427100FF6E78 /* LoginViewController.xib in Resources */ = {isa = PBXBuildFile; fileRef = 11FC0B31264E427100FF6E78 /* LoginViewController.xib */; };
/* End PBXBuildFile section */

/* Begin PBXContainerItemProxy section */
		11FC0B10264E12E600FF6E78 /* PBXContainerItemProxy */ = {
			isa = PBXContainerItemProxy;
			containerPortal = 11FC0AF1264E12E300FF6E78 /* Project object */;
			proxyType = 1;
			remoteGlobalIDString = 11FC0AF8264E12E300FF6E78;
			remoteInfo = InventoryTest;
		};
		11FC0B1B264E12E600FF6E78 /* PBXContainerItemProxy */ = {
			isa = PBXContainerItemProxy;
			containerPortal = 11FC0AF1264E12E300FF6E78 /* Project object */;
			proxyType = 1;
			remoteGlobalIDString = 11FC0AF8264E12E300FF6E78;
			remoteInfo = InventoryTest;
		};
/* End PBXContainerItemProxy section */

/* Begin PBXFileReference section */
		110F648126536ADC00D7FBA0 /* NewsListViewController.swift */ = {isa = PBXFileReference; lastKnownFileType = sourcecode.swift; path = NewsListViewController.swift; sourceTree = "<group>"; };
		110F648226536ADC00D7FBA0 /* NewsListViewController.xib */ = {isa = PBXFileReference; lastKnownFileType = file.xib; path = NewsListViewController.xib; sourceTree = "<group>"; };
		110F648B26536E5100D7FBA0 /* ListNewsTableViewCell.swift */ = {isa = PBXFileReference; lastKnownFileType = sourcecode.swift; path = ListNewsTableViewCell.swift; sourceTree = "<group>"; };
		110F648C26536E5100D7FBA0 /* ListNewsTableViewCell.xib */ = {isa = PBXFileReference; lastKnownFileType = file.xib; path = ListNewsTableViewCell.xib; sourceTree = "<group>"; };
		11FC0AF9264E12E300FF6E78 /* MyTest.app */ = {isa = PBXFileReference; explicitFileType = wrapper.application; includeInIndex = 0; path = MyTest.app; sourceTree = BUILT_PRODUCTS_DIR; };
		11FC0AFC264E12E300FF6E78 /* AppDelegate.swift */ = {isa = PBXFileReference; lastKnownFileType = sourcecode.swift; path = AppDelegate.swift; sourceTree = "<group>"; };
		11FC0B00264E12E300FF6E78 /* ViewController.swift */ = {isa = PBXFileReference; lastKnownFileType = sourcecode.swift; path = ViewController.swift; sourceTree = "<group>"; };
		11FC0B03264E12E300FF6E78 /* Base */ = {isa = PBXFileReference; lastKnownFileType = file.storyboard; name = Base; path = Base.lproj/Main.storyboard; sourceTree = "<group>"; };
		11FC0B05264E12E600FF6E78 /* Assets.xcassets */ = {isa = PBXFileReference; lastKnownFileType = folder.assetcatalog; path = Assets.xcassets; sourceTree = "<group>"; };
		11FC0B08264E12E600FF6E78 /* Base */ = {isa = PBXFileReference; lastKnownFileType = file.storyboard; name = Base; path = Base.lproj/LaunchScreen.storyboard; sourceTree = "<group>"; };
		11FC0B0A264E12E600FF6E78 /* Info.plist */ = {isa = PBXFileReference; lastKnownFileType = text.plist.xml; path = Info.plist; sourceTree = "<group>"; };
		11FC0B0F264E12E600FF6E78 /* MyTestTests.xctest */ = {isa = PBXFileReference; explicitFileType = wrapper.cfbundle; includeInIndex = 0; path = MyTestTests.xctest; sourceTree = BUILT_PRODUCTS_DIR; };
		11FC0B13264E12E600FF6E78 /* InventoryTestTests.swift */ = {isa = PBXFileReference; lastKnownFileType = sourcecode.swift; path = InventoryTestTests.swift; sourceTree = "<group>"; };
		11FC0B15264E12E600FF6E78 /* Info.plist */ = {isa = PBXFileReference; lastKnownFileType = text.plist.xml; path = Info.plist; sourceTree = "<group>"; };
		11FC0B1A264E12E600FF6E78 /* MyTestUITests.xctest */ = {isa = PBXFileReference; explicitFileType = wrapper.cfbundle; includeInIndex = 0; path = MyTestUITests.xctest; sourceTree = BUILT_PRODUCTS_DIR; };
		11FC0B1E264E12E600FF6E78 /* InventoryTestUITests.swift */ = {isa = PBXFileReference; lastKnownFileType = sourcecode.swift; path = InventoryTestUITests.swift; sourceTree = "<group>"; };
		11FC0B20264E12E600FF6E78 /* Info.plist */ = {isa = PBXFileReference; lastKnownFileType = text.plist.xml; path = Info.plist; sourceTree = "<group>"; };
		11FC0B30264E427100FF6E78 /* LoginViewController.swift */ = {isa = PBXFileReference; lastKnownFileType = sourcecode.swift; path = LoginViewController.swift; sourceTree = "<group>"; };
		11FC0B31264E427100FF6E78 /* LoginViewController.xib */ = {isa = PBXFileReference; lastKnownFileType = file.xib; path = LoginViewController.xib; sourceTree = "<group>"; };
/* End PBXFileReference section */

/* Begin PBXFrameworksBuildPhase section */
		11FC0AF6264E12E300FF6E78 /* Frameworks */ = {
			isa = PBXFrameworksBuildPhase;
			buildActionMask = 2147483647;
			files = (
			);
			runOnlyForDeploymentPostprocessing = 0;
		};
		11FC0B0C264E12E600FF6E78 /* Frameworks */ = {
			isa = PBXFrameworksBuildPhase;
			buildActionMask = 2147483647;
			files = (
			);
			runOnlyForDeploymentPostprocessing = 0;
		};
		11FC0B17264E12E600FF6E78 /* Frameworks */ = {
			isa = PBXFrameworksBuildPhase;
			buildActionMask = 2147483647;
			files = (
			);
			runOnlyForDeploymentPostprocessing = 0;
		};
/* End PBXFrameworksBuildPhase section */

/* Begin PBXGroup section */
		110F647826536AB500D7FBA0 /* News */ = {
			isa = PBXGroup;
			children = (
				110F648126536ADC00D7FBA0 /* NewsListViewController.swift */,
				110F648226536ADC00D7FBA0 /* NewsListViewController.xib */,
				110F648B26536E5100D7FBA0 /* ListNewsTableViewCell.swift */,
				110F648C26536E5100D7FBA0 /* ListNewsTableViewCell.xib */,
			);
			path = News;
			sourceTree = "<group>";
		};
		110F649226537A6A00D7FBA0 /* Model */ = {
			isa = PBXGroup;
			children = (
			);
			path = Model;
			sourceTree = "<group>";
		};
		11FC0AF0264E12E300FF6E78 = {
			isa = PBXGroup;
			children = (
				11FC0AFB264E12E300FF6E78 /* MyTest */,
				11FC0B12264E12E600FF6E78 /* MyTestTests */,
				11FC0B1D264E12E600FF6E78 /* MyTest UITests */,
				11FC0AFA264E12E300FF6E78 /* Products */,
			);
			sourceTree = "<group>";
		};
		11FC0AFA264E12E300FF6E78 /* Products */ = {
			isa = PBXGroup;
			children = (
				11FC0AF9264E12E300FF6E78 /* MyTest.app */,
				11FC0B0F264E12E600FF6E78 /* MyTestTests.xctest */,
				11FC0B1A264E12E600FF6E78 /* MyTestUITests.xctest */,
			);
			name = Products;
			sourceTree = "<group>";
		};
		11FC0AFB264E12E300FF6E78 /* MyTest */ = {
			isa = PBXGroup;
			children = (
				110F649226537A6A00D7FBA0 /* Model */,
				110F647826536AB500D7FBA0 /* News */,
				11FC0B502653621C00FF6E78 /* ViewModel */,
				11FC0B2F264E264100FF6E78 /* Login */,
				11FC0AFC264E12E300FF6E78 /* AppDelegate.swift */,
				11FC0B00264E12E300FF6E78 /* ViewController.swift */,
				11FC0B02264E12E300FF6E78 /* Main.storyboard */,
				11FC0B05264E12E600FF6E78 /* Assets.xcassets */,
				11FC0B07264E12E600FF6E78 /* LaunchScreen.storyboard */,
				11FC0B0A264E12E600FF6E78 /* Info.plist */,
			);
			path = MyTest;
			sourceTree = "<group>";
		};
		11FC0B12264E12E600FF6E78 /* MyTestTests */ = {
			isa = PBXGroup;
			children = (
				11FC0B13264E12E600FF6E78 /* InventoryTestTests.swift */,
				11FC0B15264E12E600FF6E78 /* Info.plist */,
			);
			path = MyTestTests;
			sourceTree = "<group>";
		};
		11FC0B1D264E12E600FF6E78 /* MyTest UITests */ = {
			isa = PBXGroup;
			children = (
				11FC0B1E264E12E600FF6E78 /* InventoryTestUITests.swift */,
				11FC0B20264E12E600FF6E78 /* Info.plist */,
			);
			path = "MyTest UITests";
			sourceTree = "<group>";
		};
		11FC0B2F264E264100FF6E78 /* Login */ = {
			isa = PBXGroup;
			children = (
				11FC0B30264E427100FF6E78 /* LoginViewController.swift */,
				11FC0B31264E427100FF6E78 /* LoginViewController.xib */,
			);
			path = Login;
			sourceTree = "<group>";
		};
		11FC0B502653621C00FF6E78 /* ViewModel */ = {
			isa = PBXGroup;
			children = (
			);
			path = ViewModel;
			sourceTree = "<group>";
		};
/* End PBXGroup section */

/* Begin PBXNativeTarget section */
		11FC0AF8264E12E300FF6E78 /* MyTest */ = {
			isa = PBXNativeTarget;
			buildConfigurationList = 11FC0B23264E12E600FF6E78 /* Build configuration list for PBXNativeTarget "MyTest" */;
			buildPhases = (
				11FC0AF5264E12E300FF6E78 /* Sources */,
				11FC0AF6264E12E300FF6E78 /* Frameworks */,
				11FC0AF7264E12E300FF6E78 /* Resources */,
			);
			buildRules = (
			);
			dependencies = (
			);
			name = MyTest;
			productName = InventoryTest;
			productReference = 11FC0AF9264E12E300FF6E78 /* MyTest.app */;
			productType = "com.apple.product-type.application";
		};
		11FC0B0E264E12E600FF6E78 /* MyTestTests */ = {
			isa = PBXNativeTarget;
			buildConfigurationList = 11FC0B26264E12E600FF6E78 /* Build configuration list for PBXNativeTarget "MyTestTests" */;
			buildPhases = (
				11FC0B0B264E12E600FF6E78 /* Sources */,
				11FC0B0C264E12E600FF6E78 /* Frameworks */,
				11FC0B0D264E12E600FF6E78 /* Resources */,
			);
			buildRules = (
			);
			dependencies = (
				11FC0B11264E12E600FF6E78 /* PBXTargetDependency */,
			);
			name = MyTestTests;
			productName = InventoryTestTests;
			productReference = 11FC0B0F264E12E600FF6E78 /* MyTestTests.xctest */;
			productType = "com.apple.product-type.bundle.unit-test";
		};
		11FC0B19264E12E600FF6E78 /* MyTestUITests */ = {
			isa = PBXNativeTarget;
			buildConfigurationList = 11FC0B29264E12E600FF6E78 /* Build configuration list for PBXNativeTarget "MyTestUITests" */;
			buildPhases = (
				11FC0B16264E12E600FF6E78 /* Sources */,
				11FC0B17264E12E600FF6E78 /* Frameworks */,
				11FC0B18264E12E600FF6E78 /* Resources */,
			);
			buildRules = (
			);
			dependencies = (
				11FC0B1C264E12E600FF6E78 /* PBXTargetDependency */,
			);
			name = MyTestUITests;
			productName = InventoryTestUITests;
			productReference = 11FC0B1A264E12E600FF6E78 /* MyTestUITests.xctest */;
			productType = "com.apple.product-type.bundle.ui-testing";
		};
/* End PBXNativeTarget section */

/* Begin PBXProject section */
		11FC0AF1264E12E300FF6E78 /* Project object */ = {
			isa = PBXProject;
			attributes = {
				LastSwiftUpdateCheck = 1240;
				LastUpgradeCheck = 1240;
				TargetAttributes = {
					11FC0AF8264E12E300FF6E78 = {
						CreatedOnToolsVersion = 12.4;
					};
					11FC0B0E264E12E600FF6E78 = {
						CreatedOnToolsVersion = 12.4;
						TestTargetID = 11FC0AF8264E12E300FF6E78;
					};
					11FC0B19264E12E600FF6E78 = {
						CreatedOnToolsVersion = 12.4;
						TestTargetID = 11FC0AF8264E12E300FF6E78;
					};
				};
			};
			buildConfigurationList = 11FC0AF4264E12E300FF6E78 /* Build configuration list for PBXProject "MyTest" */;
			compatibilityVersion = "Xcode 9.3";
			developmentRegion = en;
			hasScannedForEncodings = 0;
			knownRegions = (
				en,
				Base,
			);
			mainGroup = 11FC0AF0264E12E300FF6E78;
			productRefGroup = 11FC0AFA264E12E300FF6E78 /* Products */;
			projectDirPath = "";
			projectRoot = "";
			targets = (
				11FC0AF8264E12E300FF6E78 /* MyTest */,
				11FC0B0E264E12E600FF6E78 /* MyTestTests */,
				11FC0B19264E12E600FF6E78 /* MyTestUITests */,
			);
		};
/* End PBXProject section */

/* Begin PBXResourcesBuildPhase section */
		11FC0AF7264E12E300FF6E78 /* Resources */ = {
			isa = PBXResourcesBuildPhase;
			buildActionMask = 2147483647;
			files = (
				11FC0B33264E427100FF6E78 /* LoginViewController.xib in Resources */,
				11FC0B09264E12E600FF6E78 /* LaunchScreen.storyboard in Resources */,
				110F648E26536E5100D7FBA0 /* ListNewsTableViewCell.xib in Resources */,
				110F648426536ADC00D7FBA0 /* NewsListViewController.xib in Resources */,
				11FC0B06264E12E600FF6E78 /* Assets.xcassets in Resources */,
				11FC0B04264E12E300FF6E78 /* Main.storyboard in Resources */,
			);
			runOnlyForDeploymentPostprocessing = 0;
		};
		11FC0B0D264E12E600FF6E78 /* Resources */ = {
			isa = PBXResourcesBuildPhase;
			buildActionMask = 2147483647;
			files = (
			);
			runOnlyForDeploymentPostprocessing = 0;
		};
		11FC0B18264E12E600FF6E78 /* Resources */ = {
			isa = PBXResourcesBuildPhase;
			buildActionMask = 2147483647;
			files = (
			);
			runOnlyForDeploymentPostprocessing = 0;
		};
/* End PBXResourcesBuildPhase section */

/* Begin PBXSourcesBuildPhase section */
		11FC0AF5264E12E300FF6E78 /* Sources */ = {
			isa = PBXSourcesBuildPhase;
			buildActionMask = 2147483647;
			files = (
				110F648D26536E5100D7FBA0 /* ListNewsTableViewCell.swift in Sources */,
				110F648326536ADC00D7FBA0 /* NewsListViewController.swift in Sources */,
				11FC0B32264E427100FF6E78 /* LoginViewController.swift in Sources */,
				11FC0B01264E12E300FF6E78 /* ViewController.swift in Sources */,
				11FC0AFD264E12E300FF6E78 /* AppDelegate.swift in Sources */,
			);
			runOnlyForDeploymentPostprocessing = 0;
		};
		11FC0B0B264E12E600FF6E78 /* Sources */ = {
			isa = PBXSourcesBuildPhase;
			buildActionMask = 2147483647;
			files = (
				11FC0B14264E12E600FF6E78 /* InventoryTestTests.swift in Sources */,
			);
			runOnlyForDeploymentPostprocessing = 0;
		};
		11FC0B16264E12E600FF6E78 /* Sources */ = {
			isa = PBXSourcesBuildPhase;
			buildActionMask = 2147483647;
			files = (
				11FC0B1F264E12E600FF6E78 /* InventoryTestUITests.swift in Sources */,
			);
			runOnlyForDeploymentPostprocessing = 0;
		};
/* End PBXSourcesBuildPhase section */

/* Begin PBXTargetDependency section */
		11FC0B11264E12E600FF6E78 /* PBXTargetDependency */ = {
			isa = PBXTargetDependency;
			target = 11FC0AF8264E12E300FF6E78 /* MyTest */;
			targetProxy = 11FC0B10264E12E600FF6E78 /* PBXContainerItemProxy */;
		};
		11FC0B1C264E12E600FF6E78 /* PBXTargetDependency */ = {
			isa = PBXTargetDependency;
			target = 11FC0AF8264E12E300FF6E78 /* MyTest */;
			targetProxy = 11FC0B1B264E12E600FF6E78 /* PBXContainerItemProxy */;
		};
/* End PBXTargetDependency section */

/* Begin PBXVariantGroup section */
		11FC0B02264E12E300FF6E78 /* Main.storyboard */ = {
			isa = PBXVariantGroup;
			children = (
				11FC0B03264E12E300FF6E78 /* Base */,
			);
			name = Main.storyboard;
			sourceTree = "<group>";
		};
		11FC0B07264E12E600FF6E78 /* LaunchScreen.storyboard */ = {
			isa = PBXVariantGroup;
			children = (
				11FC0B08264E12E600FF6E78 /* Base */,
			);
			name = LaunchScreen.storyboard;
			sourceTree = "<group>";
		};
/* End PBXVariantGroup section */

/* Begin XCBuildConfiguration section */
		11FC0B21264E12E600FF6E78 /* Debug */ = {
			isa = XCBuildConfiguration;
			buildSettings = {
				ALWAYS_SEARCH_USER_PATHS = NO;
				CLANG_ANALYZER_NONNULL = YES;
				CLANG_ANALYZER_NUMBER_OBJECT_CONVERSION = YES_AGGRESSIVE;
				CLANG_CXX_LANGUAGE_STANDARD = "gnu++14";
				CLANG_CXX_LIBRARY = "libc++";
				CLANG_ENABLE_MODULES = YES;
				CLANG_ENABLE_OBJC_ARC = YES;
				CLANG_ENABLE_OBJC_WEAK = YES;
				CLANG_WARN_BLOCK_CAPTURE_AUTORELEASING = YES;
				CLANG_WARN_BOOL_CONVERSION = YES;
				CLANG_WARN_COMMA = YES;
				CLANG_WARN_CONSTANT_CONVERSION = YES;
				CLANG_WARN_DEPRECATED_OBJC_IMPLEMENTATIONS = YES;
				CLANG_WARN_DIRECT_OBJC_ISA_USAGE = YES_ERROR;
				CLANG_WARN_DOCUMENTATION_COMMENTS = YES;
				CLANG_WARN_EMPTY_BODY = YES;
				CLANG_WARN_ENUM_CONVERSION = YES;
				CLANG_WARN_INFINITE_RECURSION = YES;
				CLANG_WARN_INT_CONVERSION = YES;
				CLANG_WARN_NON_LITERAL_NULL_CONVERSION = YES;
				CLANG_WARN_OBJC_IMPLICIT_RETAIN_SELF = YES;
				CLANG_WARN_OBJC_LITERAL_CONVERSION = YES;
				CLANG_WARN_OBJC_ROOT_CLASS = YES_ERROR;
				CLANG_WARN_QUOTED_INCLUDE_IN_FRAMEWORK_HEADER = YES;
				CLANG_WARN_RANGE_LOOP_ANALYSIS = YES;
				CLANG_WARN_STRICT_PROTOTYPES = YES;
				CLANG_WARN_SUSPICIOUS_MOVE = YES;
				CLANG_WARN_UNGUARDED_AVAILABILITY = YES_AGGRESSIVE;
				CLANG_WARN_UNREACHABLE_CODE = YES;
				CLANG_WARN__DUPLICATE_METHOD_MATCH = YES;
				COPY_PHASE_STRIP = NO;
				DEBUG_INFORMATION_FORMAT = dwarf;
				ENABLE_STRICT_OBJC_MSGSEND = YES;
				ENABLE_TESTABILITY = YES;
				GCC_C_LANGUAGE_STANDARD = gnu11;
				GCC_DYNAMIC_NO_PIC = NO;
				GCC_NO_COMMON_BLOCKS = YES;
				GCC_OPTIMIZATION_LEVEL = 0;
				GCC_PREPROCESSOR_DEFINITIONS = (
					"DEBUG=1",
					"$(inherited)",
				);
				GCC_WARN_64_TO_32_BIT_CONVERSION = YES;
				GCC_WARN_ABOUT_RETURN_TYPE = YES_ERROR;
				GCC_WARN_UNDECLARED_SELECTOR = YES;
				GCC_WARN_UNINITIALIZED_AUTOS = YES_AGGRESSIVE;
				GCC_WARN_UNUSED_FUNCTION = YES;
				GCC_WARN_UNUSED_VARIABLE = YES;
				IPHONEOS_DEPLOYMENT_TARGET = 14.4;
				MTL_ENABLE_DEBUG_INFO = INCLUDE_SOURCE;
				MTL_FAST_MATH = YES;
				ONLY_ACTIVE_ARCH = YES;
				SDKROOT = iphoneos;
				SWIFT_ACTIVE_COMPILATION_CONDITIONS = DEBUG;
				SWIFT_OPTIMIZATION_LEVEL = "-Onone";
			};
			name = Debug;
		};
		11FC0B22264E12E600FF6E78 /* Release */ = {
			isa = XCBuildConfiguration;
			buildSettings = {
				ALWAYS_SEARCH_USER_PATHS = NO;
				CLANG_ANALYZER_NONNULL = YES;
				CLANG_ANALYZER_NUMBER_OBJECT_CONVERSION = YES_AGGRESSIVE;
				CLANG_CXX_LANGUAGE_STANDARD = "gnu++14";
				CLANG_CXX_LIBRARY = "libc++";
				CLANG_ENABLE_MODULES = YES;
				CLANG_ENABLE_OBJC_ARC = YES;
				CLANG_ENABLE_OBJC_WEAK = YES;
				CLANG_WARN_BLOCK_CAPTURE_AUTORELEASING = YES;
				CLANG_WARN_BOOL_CONVERSION = YES;
				CLANG_WARN_COMMA = YES;
				CLANG_WARN_CONSTANT_CONVERSION = YES;
				CLANG_WARN_DEPRECATED_OBJC_IMPLEMENTATIONS = YES;
				CLANG_WARN_DIRECT_OBJC_ISA_USAGE = YES_ERROR;
				CLANG_WARN_DOCUMENTATION_COMMENTS = YES;
				CLANG_WARN_EMPTY_BODY = YES;
				CLANG_WARN_ENUM_CONVERSION = YES;
				CLANG_WARN_INFINITE_RECURSION = YES;
				CLANG_WARN_INT_CONVERSION = YES;
				CLANG_WARN_NON_LITERAL_NULL_CONVERSION = YES;
				CLANG_WARN_OBJC_IMPLICIT_RETAIN_SELF = YES;
				CLANG_WARN_OBJC_LITERAL_CONVERSION = YES;
				CLANG_WARN_OBJC_ROOT_CLASS = YES_ERROR;
				CLANG_WARN_QUOTED_INCLUDE_IN_FRAMEWORK_HEADER = YES;
				CLANG_WARN_RANGE_LOOP_ANALYSIS = YES;
				CLANG_WARN_STRICT_PROTOTYPES = YES;
				CLANG_WARN_SUSPICIOUS_MOVE = YES;
				CLANG_WARN_UNGUARDED_AVAILABILITY = YES_AGGRESSIVE;
				CLANG_WARN_UNREACHABLE_CODE = YES;
				CLANG_WARN__DUPLICATE_METHOD_MATCH = YES;
				COPY_PHASE_STRIP = NO;
				DEBUG_INFORMATION_FORMAT = "dwarf-with-dsym";
				ENABLE_NS_ASSERTIONS = NO;
				ENABLE_STRICT_OBJC_MSGSEND = YES;
				GCC_C_LANGUAGE_STANDARD = gnu11;
				GCC_NO_COMMON_BLOCKS = YES;
				GCC_WARN_64_TO_32_BIT_CONVERSION = YES;
				GCC_WARN_ABOUT_RETURN_TYPE = YES_ERROR;
				GCC_WARN_UNDECLARED_SELECTOR = YES;
				GCC_WARN_UNINITIALIZED_AUTOS = YES_AGGRESSIVE;
				GCC_WARN_UNUSED_FUNCTION = YES;
				GCC_WARN_UNUSED_VARIABLE = YES;
				IPHONEOS_DEPLOYMENT_TARGET = 14.4;
				MTL_ENABLE_DEBUG_INFO = NO;
				MTL_FAST_MATH = YES;
				SDKROOT = iphoneos;
				SWIFT_COMPILATION_MODE = wholemodule;
				SWIFT_OPTIMIZATION_LEVEL = "-O";
				VALIDATE_PRODUCT = YES;
			};
			name = Release;
		};
		11FC0B24264E12E600FF6E78 /* Debug */ = {
			isa = XCBuildConfiguration;
			buildSettings = {
				ASSETCATALOG_COMPILER_APPICON_NAME = AppIcon;
				ASSETCATALOG_COMPILER_GLOBAL_ACCENT_COLOR_NAME = AccentColor;
				CODE_SIGN_STYLE = Automatic;
				INFOPLIST_FILE = MyTest/Info.plist;
				IPHONEOS_DEPLOYMENT_TARGET = 9.0;
				LD_RUNPATH_SEARCH_PATHS = (
					"$(inherited)",
					"@executable_path/Frameworks",
				);
				PRODUCT_BUNDLE_IDENTIFIER = coba.com.InventoryTest;
				PRODUCT_NAME = "$(TARGET_NAME)";
				SWIFT_VERSION = 5.0;
				TARGETED_DEVICE_FAMILY = "1,2";
			};
			name = Debug;
		};
		11FC0B25264E12E600FF6E78 /* Release */ = {
			isa = XCBuildConfiguration;
			buildSettings = {
				ASSETCATALOG_COMPILER_APPICON_NAME = AppIcon;
				ASSETCATALOG_COMPILER_GLOBAL_ACCENT_COLOR_NAME = AccentColor;
				CODE_SIGN_STYLE = Automatic;
				INFOPLIST_FILE = MyTest/Info.plist;
				IPHONEOS_DEPLOYMENT_TARGET = 9.0;
				LD_RUNPATH_SEARCH_PATHS = (
					"$(inherited)",
					"@executable_path/Frameworks",
				);
				PRODUCT_BUNDLE_IDENTIFIER = coba.com.InventoryTest;
				PRODUCT_NAME = "$(TARGET_NAME)";
				SWIFT_VERSION = 5.0;
				TARGETED_DEVICE_FAMILY = "1,2";
			};
			name = Release;
		};
		11FC0B27264E12E600FF6E78 /* Debug */ = {
			isa = XCBuildConfiguration;
			buildSettings = {
				ALWAYS_EMBED_SWIFT_STANDARD_LIBRARIES = YES;
				BUNDLE_LOADER = "$(TEST_HOST)";
				CODE_SIGN_STYLE = Automatic;
				INFOPLIST_FILE = InventoryTestTests/Info.plist;
				IPHONEOS_DEPLOYMENT_TARGET = 14.4;
				LD_RUNPATH_SEARCH_PATHS = (
					"$(inherited)",
					"@executable_path/Frameworks",
					"@loader_path/Frameworks",
				);
				PRODUCT_BUNDLE_IDENTIFIER = coba.com.InventoryTestTests;
				PRODUCT_NAME = "$(TARGET_NAME)";
				SWIFT_VERSION = 5.0;
				TARGETED_DEVICE_FAMILY = "1,2";
				TEST_HOST = "$(BUILT_PRODUCTS_DIR)/MyTest.app/MyTest";
			};
			name = Debug;
		};
		11FC0B28264E12E600FF6E78 /* Release */ = {
			isa = XCBuildConfiguration;
			buildSettings = {
				ALWAYS_EMBED_SWIFT_STANDARD_LIBRARIES = YES;
				BUNDLE_LOADER = "$(TEST_HOST)";
				CODE_SIGN_STYLE = Automatic;
				INFOPLIST_FILE = InventoryTestTests/Info.plist;
				IPHONEOS_DEPLOYMENT_TARGET = 14.4;
				LD_RUNPATH_SEARCH_PATHS = (
					"$(inherited)",
					"@executable_path/Frameworks",
					"@loader_path/Frameworks",
				);
				PRODUCT_BUNDLE_IDENTIFIER = coba.com.InventoryTestTests;
				PRODUCT_NAME = "$(TARGET_NAME)";
				SWIFT_VERSION = 5.0;
				TARGETED_DEVICE_FAMILY = "1,2";
				TEST_HOST = "$(BUILT_PRODUCTS_DIR)/MyTest.app/MyTest";
			};
			name = Release;
		};
		11FC0B2A264E12E600FF6E78 /* Debug */ = {
			isa = XCBuildConfiguration;
			buildSettings = {
				ALWAYS_EMBED_SWIFT_STANDARD_LIBRARIES = YES;
				CODE_SIGN_STYLE = Automatic;
				INFOPLIST_FILE = InventoryTestUITests/Info.plist;
				LD_RUNPATH_SEARCH_PATHS = (
					"$(inherited)",
					"@executable_path/Frameworks",
					"@loader_path/Frameworks",
				);
				PRODUCT_BUNDLE_IDENTIFIER = coba.com.InventoryTestUITests;
				PRODUCT_NAME = "$(TARGET_NAME)";
				SWIFT_VERSION = 5.0;
				TARGETED_DEVICE_FAMILY = "1,2";
				TEST_TARGET_NAME = InventoryTest;
			};
			name = Debug;
		};
		11FC0B2B264E12E600FF6E78 /* Release */ = {
			isa = XCBuildConfiguration;
			buildSettings = {
				ALWAYS_EMBED_SWIFT_STANDARD_LIBRARIES = YES;
				CODE_SIGN_STYLE = Automatic;
				INFOPLIST_FILE = InventoryTestUITests/Info.plist;
				LD_RUNPATH_SEARCH_PATHS = (
					"$(inherited)",
					"@executable_path/Frameworks",
					"@loader_path/Frameworks",
				);
				PRODUCT_BUNDLE_IDENTIFIER = coba.com.InventoryTestUITests;
				PRODUCT_NAME = "$(TARGET_NAME)";
				SWIFT_VERSION = 5.0;
				TARGETED_DEVICE_FAMILY = "1,2";
				TEST_TARGET_NAME = InventoryTest;
			};
			name = Release;
		};
/* End XCBuildConfiguration section */

/* Begin XCConfigurationList section */
		11FC0AF4264E12E300FF6E78 /* Build configuration list for PBXProject "MyTest" */ = {
			isa = XCConfigurationList;
			buildConfigurations = (
				11FC0B21264E12E600FF6E78 /* Debug */,
				11FC0B22264E12E600FF6E78 /* Release */,
			);
			defaultConfigurationIsVisible = 0;
			defaultConfigurationName = Release;
		};
		11FC0B23264E12E600FF6E78 /* Build configuration list for PBXNativeTarget "MyTest" */ = {
			isa = XCConfigurationList;
			buildConfigurations = (
				11FC0B24264E12E600FF6E78 /* Debug */,
				11FC0B25264E12E600FF6E78 /* Release */,
			);
			defaultConfigurationIsVisible = 0;
			defaultConfigurationName = Release;
		};
		11FC0B26264E12E600FF6E78 /* Build configuration list for PBXNativeTarget "MyTestTests" */ = {
			isa = XCConfigurationList;
			buildConfigurations = (
				11FC0B27264E12E600FF6E78 /* Debug */,
				11FC0B28264E12E600FF6E78 /* Release */,
			);
			defaultConfigurationIsVisible = 0;
			defaultConfigurationName = Release;
		};
		11FC0B29264E12E600FF6E78 /* Build configuration list for PBXNativeTarget "MyTestUITests" */ = {
			isa = XCConfigurationList;
			buildConfigurations = (
				11FC0B2A264E12E600FF6E78 /* Debug */,
				11FC0B2B264E12E600FF6E78 /* Release */,
			);
			defaultConfigurationIsVisible = 0;
			defaultConfigurationName = Release;
		};
/* End XCConfigurationList section */
	};
	rootObject = 11FC0AF1264E12E300FF6E78 /* Project object */;
}
